<?xml version="1.0" encoding="utf-8"?>
<Project ToolsVersion="4.0" xmlns="http://schemas.microsoft.com/developer/msbuild/2003">
  <ItemGroup>
    <Filter Include="GameServerEngine">
      <UniqueIdentifier>{820188bf-0ecd-4407-a55a-c5863943e0f0}</UniqueIdentifier>
    </Filter>
    <Filter Include="EntryPoint">
      <UniqueIdentifier>{e2186b9f-bb74-408e-a034-fa89d4ed4cfd}</UniqueIdentifier>
    </Filter>
  </ItemGroup>
  <ItemGroup>
    <ClInclude Include="GameServerEngine.h">
      <Filter>GameServerEngine</Filter>
    </ClInclude>
  </ItemGroup>
  <ItemGroup>
    <ClCompile Include="GameServerEngine.cpp">
      <Filter>GameServerEngine</Filter>
    </ClCompile>
  </ItemGroup>
</Project>