<?xml version="1.0" encoding="utf-8"?>
<Project ToolsVersion="4.0" xmlns="http://schemas.microsoft.com/developer/msbuild/2003">
  <ItemGroup>
    <Filter Include="EntryPoint">
      <UniqueIdentifier>{48c73571-61f6-48ea-9bd4-733b83b9d8fa}</UniqueIdentifier>
    </Filter>
    <Filter Include="Networking">
      <UniqueIdentifier>{90ca0c18-0e5e-4a52-932b-ce5dd4c45017}</UniqueIdentifier>
    </Filter>
    <Filter Include="Networking\UDPHandler">
      <UniqueIdentifier>{67DA6AB6-F800-4c08-8B7A-83BB121AAD01}</UniqueIdentifier>
      <Extensions>rc;ico;cur;bmp;dlg;rc2;rct;bin;rgs;gif;jpg;jpeg;jpe;resx;tiff;tif;png;wav;mfcribbon-ms</Extensions>
    </Filter>
    <Filter Include="Networking\PacketHandler">
      <UniqueIdentifier>{ccdfa869-df7b-443a-9db7-ff119a29ff28}</UniqueIdentifier>
    </Filter>
    <Filter Include="Config">
      <UniqueIdentifier>{73c6b796-69f6-4672-ac03-ebe036fb907a}</UniqueIdentifier>
    </Filter>
    <Filter Include="Config\ServerConfig">
      <UniqueIdentifier>{7120f894-78fa-4e9b-ba27-a3b012b90952}</UniqueIdentifier>
    </Filter>
    <Filter Include="Config\ConfigLoader">
      <UniqueIdentifier>{c3bbd413-de80-49ff-b3b1-7a0805fe4cbd}</UniqueIdentifier>
    </Filter>
    <Filter Include="Networking\Clients">
      <UniqueIdentifier>{afd826c2-29eb-4f5d-a0cb-7cb9259c21bb}</UniqueIdentifier>
    </Filter>
    <Filter Include="Networking\Reliability">
      <UniqueIdentifier>{6a987c88-12ca-46d2-a419-bba46049ba1f}</UniqueIdentifier>
    </Filter>
    <Filter Include="Networking\Clients\ClientEndpoint">
      <UniqueIdentifier>{479e6b8a-d4e6-4da0-932e-2a68f28c83ca}</UniqueIdentifier>
    </Filter>
    <Filter Include="Networking\Clients\ClientManager">
      <UniqueIdentifier>{9e9e85fb-f325-4537-bdff-97ae1996dd3c}</UniqueIdentifier>
    </Filter>
    <Filter Include="PacketManagement">
      <UniqueIdentifier>{5ce11729-6c37-49a1-a4d5-f0cf071d131f}</UniqueIdentifier>
    </Filter>
    <Filter Include="PacketManagement\Headers">
      <UniqueIdentifier>{f8c177d3-6d3a-4e36-b54f-fafd24ba588c}</UniqueIdentifier>
    </Filter>
    <Filter Include="PacketManagement\Headers\GamePacket">
      <UniqueIdentifier>{36a39e75-fbf5-49bb-86f4-6b33e5868bd3}</UniqueIdentifier>
    </Filter>
    <Filter Include="PacketManagement\Serialization">
      <UniqueIdentifier>{cdbd16ae-d752-431c-84e0-135b5eaac0a8}</UniqueIdentifier>
    </Filter>
    <Filter Include="PacketManagement\Dispatch">
      <UniqueIdentifier>{461c3c59-8400-4cbb-8a5e-dafbd401c6c1}</UniqueIdentifier>
    </Filter>
    <Filter Include="PacketManagement\Handlers_C2S">
      <UniqueIdentifier>{ccf6898c-c4c9-497f-b7be-06c6405dbbd8}</UniqueIdentifier>
    </Filter>
    <Filter Include="PacketManagement\Handlers_C2S\MovementMessageHandler">
      <UniqueIdentifier>{39406eaa-be6d-4cb5-a6f2-93c616e151c5}</UniqueIdentifier>
    </Filter>
    <Filter Include="PacketManagement\Handlers_C2S\AbilityMessageHandler">
      <UniqueIdentifier>{98cdd7dc-7c68-4f51-9c5a-56691e02ed2d}</UniqueIdentifier>
    </Filter>
    <Filter Include="EntryPoint\UDPServerApp">
      <UniqueIdentifier>{c7cb9061-f0b9-4ff8-9ee0-a64e71e0bc49}</UniqueIdentifier>
    </Filter>
    <Filter Include="PacketManagement\Serialization\FlatBuffers">
      <UniqueIdentifier>{3b2c9073-b435-4bbd-b7cc-8daeefa159d1}</UniqueIdentifier>
    </Filter>
    <Filter Include="PacketManagement\Serialization\FlatBuffers\Serialization">
      <UniqueIdentifier>{9ed1c9bf-3a38-4c40-9ac5-e1347741e0eb}</UniqueIdentifier>
    </Filter>
    <Filter Include="PacketManagement\Serialization\FlatBuffers\MessageHandlers">
      <UniqueIdentifier>{f46cbf82-2e2b-4278-9891-651f17328a1c}</UniqueIdentifier>
    </Filter>
    <Filter Include="PacketManagement\FlatBufferPayloads">
      <UniqueIdentifier>{ebf57fd8-43e8-4584-9679-4fa7d3f138d0}</UniqueIdentifier>
    </Filter>
    <Filter Include="Networking\NetworkEndpoint">
      <UniqueIdentifier>{32e05806-e517-471b-81df-3cc6d718eaf0}</UniqueIdentifier>
    </Filter>
    <Filter Include="PacketManagement\PacketProcessor">
      <UniqueIdentifier>{fc0bd84d-8795-4683-8950-b0d023df7973}</UniqueIdentifier>
    </Filter>
    <Filter Include="PacketManagement\Handlers_C2S\PingMessageHandler">
      <UniqueIdentifier>{97158372-48f0-4e92-a4af-1030ee2c5e4c}</UniqueIdentifier>
    </Filter>
    <Filter Include="PacketManagement\Handlers_C2S\RiftStepMessageHandler">
      <UniqueIdentifier>{7a993919-dbde-4e5d-b0e7-42997bb30760}</UniqueIdentifier>
    </Filter>
    <Filter Include="Utilities">
      <UniqueIdentifier>{4FC737F1-C7A5-4376-A066-2A32D752A2FF}</UniqueIdentifier>
      <Extensions>cpp;c;cc;cxx;c++;cppm;ixx;def;odl;idl;hpj;bat;asm;asmx</Extensions>
    </Filter>
    <Filter Include="Utilities\TickManager_UDP">
      <UniqueIdentifier>{a4ce6db3-5ee3-4e30-ad40-3cc5684f0806}</UniqueIdentifier>
    </Filter>
    <Filter Include="Utilities\UDPServerLogger">
      <UniqueIdentifier>{c10e48b8-29d6-4a5e-b5b7-994f1f7924bc}</UniqueIdentifier>
    </Filter>
    <Filter Include="Networking\NetworkCommon">
      <UniqueIdentifier>{c70e0bc5-b74e-415d-aa7b-d9278d372b58}</UniqueIdentifier>
    </Filter>
    <Filter Include="PacketManagement\Handlers_C2S\TurnMessageHandler">
      <UniqueIdentifier>{674862ad-e826-4bb4-bd38-4a24b729cfb5}</UniqueIdentifier>
    </Filter>
    <Filter Include="PacketManagement\Handlers_C2S\BasicAttackMessageHandler">
      <UniqueIdentifier>{c0f549d6-407c-4cf6-a98f-7e7635dd0fc1}</UniqueIdentifier>
    </Filter>
    <Filter Include="PacketManagement\Dispatch\MessageDispatcher">
      <UniqueIdentifier>{ba183a44-09de-46c1-9d30-b6fb15f2ede1}</UniqueIdentifier>
    </Filter>
    <Filter Include="Networking\Reliability\UDPReliabilityProtocol">
      <UniqueIdentifier>{37ece7a4-57e5-4809-9d89-0f3ec25b6357}</UniqueIdentifier>
    </Filter>
    <Filter Include="Networking\SocketHandling">
      <UniqueIdentifier>{cfd0a24b-3754-4199-b6ff-fd82af15b63e}</UniqueIdentifier>
    </Filter>
    <Filter Include="Networking\SocketHandling\UDPSocketAsync">
      <UniqueIdentifier>{a83618d8-8647-4eeb-b58e-fe5610dfb411}</UniqueIdentifier>
    </Filter>
    <Filter Include="Networking\SocketHandling\NetworkBuffer">
      <UniqueIdentifier>{32c806eb-0d48-4187-86e9-9688dab7011a}</UniqueIdentifier>
    </Filter>
  </ItemGroup>
  <ItemGroup>
    <ClInclude Include="GamePacketHeader.h">
      <Filter>PacketManagement\Headers\GamePacket</Filter>
    </ClInclude>
    <ClInclude Include="UDPHandler.h">
      <Filter>Networking\UDPHandler</Filter>
    </ClInclude>
    <ClInclude Include="ServerConfig.h">
      <Filter>Config\ServerConfig</Filter>
    </ClInclude>
    <ClInclude Include="ConfigLoader.h">
      <Filter>Config\ConfigLoader</Filter>
    </ClInclude>
    <ClInclude Include="UDPServerApp.h">
      <Filter>EntryPoint\UDPServerApp</Filter>
    </ClInclude>
    <ClInclude Include="UDPSocketAsync.h">
      <Filter>Networking\SocketHandling\UDPSocketAsync</Filter>
    </ClInclude>
    <ClInclude Include="NetworkEndpoint.h">
      <Filter>Networking\NetworkEndpoint</Filter>
    </ClInclude>
    <ClInclude Include="PacketProcessor.h">
      <Filter>PacketManagement\PacketProcessor</Filter>
    </ClInclude>
    <ClInclude Include="MessageDispatcher.h">
      <Filter>PacketManagement\Dispatch\MessageDispatcher</Filter>
    </ClInclude>
    <ClInclude Include="RiftStepMessageHandler.h">
      <Filter>PacketManagement\Handlers_C2S\RiftStepMessageHandler</Filter>
    </ClInclude>
    <ClInclude Include="MovementMessageHandler.h">
      <Filter>PacketManagement\Handlers_C2S\MovementMessageHandler</Filter>
    </ClInclude>
    <ClInclude Include="AbilityMessageHandler.h">
      <Filter>PacketManagement\Handlers_C2S\AbilityMessageHandler</Filter>
    </ClInclude>
    <ClInclude Include="PingMessageHandler.h">
      <Filter>PacketManagement\Handlers_C2S\PingMessageHandler</Filter>
    </ClInclude>
    <ClInclude Include="NetworkCommon.h">
      <Filter>Networking\NetworkCommon</Filter>
    </ClInclude>
    <ClInclude Include="TurnMessageHandler.h">
      <Filter>PacketManagement\Handlers_C2S\TurnMessageHandler</Filter>
    </ClInclude>
    <ClInclude Include="BasicAttackMessageHandler.h">
      <Filter>PacketManagement\Handlers_C2S\BasicAttackMessageHandler</Filter>
    </ClInclude>
    <ClInclude Include="..\SharedProtocols\Generated\riftforged_c2s_udp_messages_generated.h">
      <Filter>PacketManagement\Serialization\FlatBuffers\MessageHandlers</Filter>
    </ClInclude>
    <ClInclude Include="..\SharedProtocols\Generated\riftforged_common_types_generated.h">
      <Filter>PacketManagement\Serialization\FlatBuffers\MessageHandlers</Filter>
    </ClInclude>
    <ClInclude Include="..\SharedProtocols\Generated\riftforged_item_definitions_generated.h">
      <Filter>PacketManagement\Serialization\FlatBuffers\MessageHandlers</Filter>
    </ClInclude>
    <ClInclude Include="..\SharedProtocols\Generated\riftforged_s2c_udp_messages_generated.h">
      <Filter>PacketManagement\Serialization\FlatBuffers\MessageHandlers</Filter>
    </ClInclude>
    <ClInclude Include="UDPReliabilityProtocol.h">
      <Filter>Networking\Reliability\UDPReliabilityProtocol</Filter>
    </ClInclude>
  </ItemGroup>
  <ItemGroup>
    <ClCompile Include="Main.cpp">
      <Filter>EntryPoint</Filter>
    </ClCompile>
    <ClCompile Include="GamePacket.cpp">
      <Filter>PacketManagement\Headers\GamePacket</Filter>
    </ClCompile>
    <ClCompile Include="UDPHandler.cpp">
      <Filter>Networking\UDPHandler</Filter>
    </ClCompile>
    <ClCompile Include="ServerConfig.cpp">
      <Filter>Config\ServerConfig</Filter>
    </ClCompile>
    <ClCompile Include="ConfigLoader.cpp">
      <Filter>Config\ConfigLoader</Filter>
    </ClCompile>
    <ClCompile Include="UDPServerApp.cpp">
      <Filter>EntryPoint\UDPServerApp</Filter>
    </ClCompile>
    <ClCompile Include="UDPSocketAsync.cpp">
      <Filter>Networking\SocketHandling\UDPSocketAsync</Filter>
    </ClCompile>
    <ClCompile Include="PacketProcessor.cpp">
      <Filter>PacketManagement\PacketProcessor</Filter>
    </ClCompile>
    <ClCompile Include="MessageDispatcher.cpp">
      <Filter>PacketManagement\Dispatch\MessageDispatcher</Filter>
    </ClCompile>
    <ClCompile Include="RiftStepMessageHandler.cpp">
      <Filter>PacketManagement\Handlers_C2S\RiftStepMessageHandler</Filter>
    </ClCompile>
    <ClCompile Include="MovementMessageHandler.cpp">
      <Filter>PacketManagement\Handlers_C2S\MovementMessageHandler</Filter>
    </ClCompile>
    <ClCompile Include="AbilityMessageHandler.cpp">
      <Filter>PacketManagement\Handlers_C2S\AbilityMessageHandler</Filter>
    </ClCompile>
    <ClCompile Include="PingMessageHandler.cpp">
      <Filter>PacketManagement\Handlers_C2S\PingMessageHandler</Filter>
    </ClCompile>
    <ClCompile Include="TurnMessageHandler.cpp">
      <Filter>PacketManagement\Handlers_C2S\TurnMessageHandler</Filter>
    </ClCompile>
    <ClCompile Include="BasicAttackMessageHandler.cpp">
      <Filter>PacketManagement\Handlers_C2S\BasicAttackMessageHandler</Filter>
    </ClCompile>
    <ClCompile Include="UDPReliabilityProtocol.cpp">
      <Filter>Networking\Reliability\UDPReliabilityProtocol</Filter>
    </ClCompile>
  </ItemGroup>
  <ItemGroup>
    <None Include="config.json">
      <Filter>Config</Filter>
    </None>
  </ItemGroup>
</Project>