<?xml version="1.0" encoding="utf-8"?>
<Project ToolsVersion="4.0" xmlns="http://schemas.microsoft.com/developer/msbuild/2003">
  <ItemGroup>
    <Filter Include="EntryPoint">
      <UniqueIdentifier>{02ea3ab3-4487-4bf6-bb9c-0c1e3fa4b490}</UniqueIdentifier>
    </Filter>
    <Filter Include="Network">
      <UniqueIdentifier>{776cc9a3-4b16-4ebd-a6b9-62d5b32a8cae}</UniqueIdentifier>
    </Filter>
    <Filter Include="PacketBuilders">
      <UniqueIdentifier>{b7ce98a9-805a-40e0-874c-95216d23bf77}</UniqueIdentifier>
    </Filter>
    <Filter Include="PacketParsers">
      <UniqueIdentifier>{68c2c8d9-8047-4bc3-8256-b5965f610f53}</UniqueIdentifier>
    </Filter>
    <Filter Include="Protocols">
      <UniqueIdentifier>{c413c515-9df0-4860-a219-5c3a1e40ea94}</UniqueIdentifier>
    </Filter>
    <Filter Include="Network\ClientSocket">
      <UniqueIdentifier>{b9d768c7-c314-4f80-9e8d-358e439fbec4}</UniqueIdentifier>
    </Filter>
    <Filter Include="PacketBuilders\PingPacketBuilder">
      <UniqueIdentifier>{b62c37f5-40a8-44ee-99bb-fe50d4538b73}</UniqueIdentifier>
    </Filter>
    <Filter Include="PacketBuilders\RiftStepPacketBuilder">
      <UniqueIdentifier>{ac7ae29f-d4ce-46be-a752-7e4e22d272b2}</UniqueIdentifier>
    </Filter>
    <Filter Include="PacketParsers\PongPacketParser">
      <UniqueIdentifier>{74027377-a3a9-43e3-b80d-bb402e89cefc}</UniqueIdentifier>
    </Filter>
    <Filter Include="PacketParsers\EntityStateUpdateParser">
      <UniqueIdentifier>{4c7a31b6-7099-4239-a227-656810fdceb7}</UniqueIdentifier>
    </Filter>
    <Filter Include="PacketParsers\RiftStepExecutedParser">
      <UniqueIdentifier>{92cf111b-41ad-4f35-9abb-ca4cc3de3b58}</UniqueIdentifier>
    </Filter>
  </ItemGroup>
  <ItemGroup>
    <ClCompile Include="Main.cpp">
      <Filter>EntryPoint</Filter>
    </ClCompile>
    <ClCompile Include="..\NetworkEngine\UDPReliabilityProtocol.cpp">
      <Filter>Protocols</Filter>
    </ClCompile>
  </ItemGroup>
</Project>