<?xml version="1.0" encoding="utf-8"?>
<Project ToolsVersion="4.0" xmlns="http://schemas.microsoft.com/developer/msbuild/2003">
  <ItemGroup>
    <Filter Include="EntryPoint">
      <UniqueIdentifier>{02ea3ab3-4487-4bf6-bb9c-0c1e3fa4b490}</UniqueIdentifier>
    </Filter>
    <Filter Include="Network">
      <UniqueIdentifier>{776cc9a3-4b16-4ebd-a6b9-62d5b32a8cae}</UniqueIdentifier>
    </Filter>
    <Filter Include="Protocols">
      <UniqueIdentifier>{c413c515-9df0-4860-a219-5c3a1e40ea94}</UniqueIdentifier>
    </Filter>
    <Filter Include="Network\ClientSocket">
      <UniqueIdentifier>{b9d768c7-c314-4f80-9e8d-358e439fbec4}</UniqueIdentifier>
    </Filter>
    <Filter Include="PrivateKey">
      <UniqueIdentifier>{f6a022af-de78-4e97-874d-ff1218d44f22}</UniqueIdentifier>
    </Filter>
  </ItemGroup>
  <ItemGroup>
    <ClCompile Include="Main.cpp">
      <Filter>EntryPoint</Filter>
    </ClCompile>
  </ItemGroup>
  <ItemGroup>
    <ClInclude Include="Constants.h">
      <Filter>PrivateKey</Filter>
    </ClInclude>
  </ItemGroup>
</Project>