<?xml version="1.0" encoding="utf-8"?>
<Project ToolsVersion="4.0" xmlns="http://schemas.microsoft.com/developer/msbuild/2003">
  <ItemGroup>
    <Filter Include="Source Files">
      <UniqueIdentifier>{4FC737F1-C7A5-4376-A066-2A32D752A2FF}</UniqueIdentifier>
      <Extensions>cpp;c;cc;cxx;c++;cppm;ixx;def;odl;idl;hpj;bat;asm;asmx</Extensions>
    </Filter>
    <Filter Include="Schemas">
      <UniqueIdentifier>{93995380-89BD-4b04-88EB-625FBE52EBFB}</UniqueIdentifier>
      <Extensions>h;hh;hpp;hxx;h++;hm;inl;inc;ipp;xsd</Extensions>
    </Filter>
    <Filter Include="Generated">
      <UniqueIdentifier>{67DA6AB6-F800-4c08-8B7A-83BB121AAD01}</UniqueIdentifier>
      <Extensions>rc;ico;cur;bmp;dlg;rc2;rct;bin;rgs;gif;jpg;jpeg;jpe;resx;tiff;tif;png;wav;mfcribbon-ms</Extensions>
    </Filter>
    <Filter Include="Source Files\RiftForgedProtocols">
      <UniqueIdentifier>{de547ffd-5010-44e5-a878-f5632169d9c9}</UniqueIdentifier>
    </Filter>
  </ItemGroup>
  <ItemGroup>
    <ClInclude Include="RiftForgedProtocols.h">
      <Filter>Source Files\RiftForgedProtocols</Filter>
    </ClInclude>
    <ClInclude Include="Generated\riftforged_common_types_generated.h">
      <Filter>Generated</Filter>
    </ClInclude>
    <ClInclude Include="Generated\riftforged_udp_messages_generated.h">
      <Filter>Generated</Filter>
    </ClInclude>
  </ItemGroup>
  <ItemGroup>
    <None Include="Schemas\riftforged_C2S_udp_messages.fbs">
      <Filter>Schemas</Filter>
    </None>
    <None Include="Schemas\riftforged_common_types.fbs">
      <Filter>Schemas</Filter>
    </None>
    <None Include="Schemas\riftforged_S2C_udp_messages.fbs">
      <Filter>Schemas</Filter>
    </None>
    <None Include="Schemas\riftforged_tcp_messages.fbs">
      <Filter>Schemas</Filter>
    </None>
  </ItemGroup>
</Project>